// !$*UTF8*$!
{
	archiveVersion = 1;
	classes = {
	};
	objectVersion = 56;
	objects = {

/* Begin PBXBuildFile section */
		229237022BD3CA3F004FFF57 /* MovieDBApp.swift in Sources */ = {isa = PBXBuildFile; fileRef = 229237012BD3CA3F004FFF57 /* MovieDBApp.swift */; };
		229237042BD3CA3F004FFF57 /* ContentView.swift in Sources */ = {isa = PBXBuildFile; fileRef = 229237032BD3CA3F004FFF57 /* ContentView.swift */; };
		229237062BD3CA40004FFF57 /* Assets.xcassets in Resources */ = {isa = PBXBuildFile; fileRef = 229237052BD3CA40004FFF57 /* Assets.xcassets */; };
		229237092BD3CA40004FFF57 /* Preview Assets.xcassets in Resources */ = {isa = PBXBuildFile; fileRef = 229237082BD3CA40004FFF57 /* Preview Assets.xcassets */; };
		229237132BD3CA41004FFF57 /* MovieDBTests.swift in Sources */ = {isa = PBXBuildFile; fileRef = 229237122BD3CA41004FFF57 /* MovieDBTests.swift */; };
		2292371D2BD3CA41004FFF57 /* MovieDBUITests.swift in Sources */ = {isa = PBXBuildFile; fileRef = 2292371C2BD3CA41004FFF57 /* MovieDBUITests.swift */; };
		2292371F2BD3CA41004FFF57 /* MovieDBUITestsLaunchTests.swift in Sources */ = {isa = PBXBuildFile; fileRef = 2292371E2BD3CA41004FFF57 /* MovieDBUITestsLaunchTests.swift */; };
		2292378E2BD458E8004FFF57 /* MovieAPIService.swift in Sources */ = {isa = PBXBuildFile; fileRef = 2292378D2BD458E8004FFF57 /* MovieAPIService.swift */; };
		229237902BD4591B004FFF57 /* APIEndpoint.swift in Sources */ = {isa = PBXBuildFile; fileRef = 2292378F2BD4591B004FFF57 /* APIEndpoint.swift */; };
		229237922BD45943004FFF57 /* APIError.swift in Sources */ = {isa = PBXBuildFile; fileRef = 229237912BD45943004FFF57 /* APIError.swift */; };
		229237942BD469C3004FFF57 /* Movie.swift in Sources */ = {isa = PBXBuildFile; fileRef = 229237932BD469C3004FFF57 /* Movie.swift */; };
		229237972BD46A01004FFF57 /* SDWebImageSwiftUI in Frameworks */ = {isa = PBXBuildFile; productRef = 229237962BD46A01004FFF57 /* SDWebImageSwiftUI */; };
		229237992BD46D2F004FFF57 /* MoviesListRepository.swift in Sources */ = {isa = PBXBuildFile; fileRef = 229237982BD46D2F004FFF57 /* MoviesListRepository.swift */; };
		2292379B2BD46DC0004FFF57 /* MoviesListViewModel.swift in Sources */ = {isa = PBXBuildFile; fileRef = 2292379A2BD46DC0004FFF57 /* MoviesListViewModel.swift */; };
		2292379F2BD470D6004FFF57 /* MoviesListView.swift in Sources */ = {isa = PBXBuildFile; fileRef = 2292379E2BD470D6004FFF57 /* MoviesListView.swift */; };
		229237AB2BD5A18D004FFF57 /* MovieDetailsView.swift in Sources */ = {isa = PBXBuildFile; fileRef = 229237AA2BD5A18D004FFF57 /* MovieDetailsView.swift */; };
		229237AD2BD5A1C7004FFF57 /* MovieDetailsViewModel.swift in Sources */ = {isa = PBXBuildFile; fileRef = 229237AC2BD5A1C7004FFF57 /* MovieDetailsViewModel.swift */; };
		229237AF2BD5A205004FFF57 /* MovieDetailsRepository.swift in Sources */ = {isa = PBXBuildFile; fileRef = 229237AE2BD5A205004FFF57 /* MovieDetailsRepository.swift */; };
/* End PBXBuildFile section */

/* Begin PBXContainerItemProxy section */
		2292370F2BD3CA41004FFF57 /* PBXContainerItemProxy */ = {
			isa = PBXContainerItemProxy;
			containerPortal = 229236F62BD3CA3F004FFF57 /* Project object */;
			proxyType = 1;
			remoteGlobalIDString = 229236FD2BD3CA3F004FFF57;
			remoteInfo = MovieDB;
		};
		229237192BD3CA41004FFF57 /* PBXContainerItemProxy */ = {
			isa = PBXContainerItemProxy;
			containerPortal = 229236F62BD3CA3F004FFF57 /* Project object */;
			proxyType = 1;
			remoteGlobalIDString = 229236FD2BD3CA3F004FFF57;
			remoteInfo = MovieDB;
		};
/* End PBXContainerItemProxy section */

/* Begin PBXFileReference section */
		229236FE2BD3CA3F004FFF57 /* MovieDB.app */ = {isa = PBXFileReference; explicitFileType = wrapper.application; includeInIndex = 0; path = MovieDB.app; sourceTree = BUILT_PRODUCTS_DIR; };
		229237012BD3CA3F004FFF57 /* MovieDBApp.swift */ = {isa = PBXFileReference; lastKnownFileType = sourcecode.swift; path = MovieDBApp.swift; sourceTree = "<group>"; };
		229237032BD3CA3F004FFF57 /* ContentView.swift */ = {isa = PBXFileReference; lastKnownFileType = sourcecode.swift; path = ContentView.swift; sourceTree = "<group>"; };
		229237052BD3CA40004FFF57 /* Assets.xcassets */ = {isa = PBXFileReference; lastKnownFileType = folder.assetcatalog; path = Assets.xcassets; sourceTree = "<group>"; };
		229237082BD3CA40004FFF57 /* Preview Assets.xcassets */ = {isa = PBXFileReference; lastKnownFileType = folder.assetcatalog; path = "Preview Assets.xcassets"; sourceTree = "<group>"; };
		2292370E2BD3CA41004FFF57 /* MovieDBTests.xctest */ = {isa = PBXFileReference; explicitFileType = wrapper.cfbundle; includeInIndex = 0; path = MovieDBTests.xctest; sourceTree = BUILT_PRODUCTS_DIR; };
		229237122BD3CA41004FFF57 /* MovieDBTests.swift */ = {isa = PBXFileReference; lastKnownFileType = sourcecode.swift; path = MovieDBTests.swift; sourceTree = "<group>"; };
		229237182BD3CA41004FFF57 /* MovieDBUITests.xctest */ = {isa = PBXFileReference; explicitFileType = wrapper.cfbundle; includeInIndex = 0; path = MovieDBUITests.xctest; sourceTree = BUILT_PRODUCTS_DIR; };
		2292371C2BD3CA41004FFF57 /* MovieDBUITests.swift */ = {isa = PBXFileReference; lastKnownFileType = sourcecode.swift; path = MovieDBUITests.swift; sourceTree = "<group>"; };
		2292371E2BD3CA41004FFF57 /* MovieDBUITestsLaunchTests.swift */ = {isa = PBXFileReference; lastKnownFileType = sourcecode.swift; path = MovieDBUITestsLaunchTests.swift; sourceTree = "<group>"; };
		2292378D2BD458E8004FFF57 /* MovieAPIService.swift */ = {isa = PBXFileReference; lastKnownFileType = sourcecode.swift; path = MovieAPIService.swift; sourceTree = "<group>"; };
		2292378F2BD4591B004FFF57 /* APIEndpoint.swift */ = {isa = PBXFileReference; lastKnownFileType = sourcecode.swift; path = APIEndpoint.swift; sourceTree = "<group>"; };
		229237912BD45943004FFF57 /* APIError.swift */ = {isa = PBXFileReference; lastKnownFileType = sourcecode.swift; path = APIError.swift; sourceTree = "<group>"; };
		229237932BD469C3004FFF57 /* Movie.swift */ = {isa = PBXFileReference; lastKnownFileType = sourcecode.swift; path = Movie.swift; sourceTree = "<group>"; };
		229237982BD46D2F004FFF57 /* MoviesListRepository.swift */ = {isa = PBXFileReference; lastKnownFileType = sourcecode.swift; path = MoviesListRepository.swift; sourceTree = "<group>"; };
		2292379A2BD46DC0004FFF57 /* MoviesListViewModel.swift */ = {isa = PBXFileReference; lastKnownFileType = sourcecode.swift; path = MoviesListViewModel.swift; sourceTree = "<group>"; };
		2292379E2BD470D6004FFF57 /* MoviesListView.swift */ = {isa = PBXFileReference; lastKnownFileType = sourcecode.swift; path = MoviesListView.swift; sourceTree = "<group>"; };
		229237AA2BD5A18D004FFF57 /* MovieDetailsView.swift */ = {isa = PBXFileReference; lastKnownFileType = sourcecode.swift; path = MovieDetailsView.swift; sourceTree = "<group>"; };
		229237AC2BD5A1C7004FFF57 /* MovieDetailsViewModel.swift */ = {isa = PBXFileReference; lastKnownFileType = sourcecode.swift; path = MovieDetailsViewModel.swift; sourceTree = "<group>"; };
		229237AE2BD5A205004FFF57 /* MovieDetailsRepository.swift */ = {isa = PBXFileReference; lastKnownFileType = sourcecode.swift; path = MovieDetailsRepository.swift; sourceTree = "<group>"; };
/* End PBXFileReference section */

/* Begin PBXFrameworksBuildPhase section */
		229236FB2BD3CA3F004FFF57 /* Frameworks */ = {
			isa = PBXFrameworksBuildPhase;
			buildActionMask = 2147483647;
			files = (
				229237972BD46A01004FFF57 /* SDWebImageSwiftUI in Frameworks */,
			);
			runOnlyForDeploymentPostprocessing = 0;
		};
		2292370B2BD3CA41004FFF57 /* Frameworks */ = {
			isa = PBXFrameworksBuildPhase;
			buildActionMask = 2147483647;
			files = (
			);
			runOnlyForDeploymentPostprocessing = 0;
		};
		229237152BD3CA41004FFF57 /* Frameworks */ = {
			isa = PBXFrameworksBuildPhase;
			buildActionMask = 2147483647;
			files = (
			);
			runOnlyForDeploymentPostprocessing = 0;
		};
/* End PBXFrameworksBuildPhase section */

/* Begin PBXGroup section */
		229236F52BD3CA3F004FFF57 = {
			isa = PBXGroup;
			children = (
				229237002BD3CA3F004FFF57 /* MovieDB */,
				229237112BD3CA41004FFF57 /* MovieDBTests */,
				2292371B2BD3CA41004FFF57 /* MovieDBUITests */,
				229236FF2BD3CA3F004FFF57 /* Products */,
			);
			sourceTree = "<group>";
		};
		229236FF2BD3CA3F004FFF57 /* Products */ = {
			isa = PBXGroup;
			children = (
				229236FE2BD3CA3F004FFF57 /* MovieDB.app */,
				2292370E2BD3CA41004FFF57 /* MovieDBTests.xctest */,
				229237182BD3CA41004FFF57 /* MovieDBUITests.xctest */,
			);
			name = Products;
			sourceTree = "<group>";
		};
		229237002BD3CA3F004FFF57 /* MovieDB */ = {
			isa = PBXGroup;
			children = (
				229237862BD44A57004FFF57 /* Entities */,
				229237832BD44858004FFF57 /* Scenes */,
				229237812BD4481A004FFF57 /* Networking */,
				229237012BD3CA3F004FFF57 /* MovieDBApp.swift */,
				229237032BD3CA3F004FFF57 /* ContentView.swift */,
				229237052BD3CA40004FFF57 /* Assets.xcassets */,
				229237072BD3CA40004FFF57 /* Preview Content */,
			);
			path = MovieDB;
			sourceTree = "<group>";
		};
		229237072BD3CA40004FFF57 /* Preview Content */ = {
			isa = PBXGroup;
			children = (
				229237082BD3CA40004FFF57 /* Preview Assets.xcassets */,
			);
			path = "Preview Content";
			sourceTree = "<group>";
		};
		229237112BD3CA41004FFF57 /* MovieDBTests */ = {
			isa = PBXGroup;
			children = (
				229237122BD3CA41004FFF57 /* MovieDBTests.swift */,
			);
			path = MovieDBTests;
			sourceTree = "<group>";
		};
		2292371B2BD3CA41004FFF57 /* MovieDBUITests */ = {
			isa = PBXGroup;
			children = (
				2292371C2BD3CA41004FFF57 /* MovieDBUITests.swift */,
				2292371E2BD3CA41004FFF57 /* MovieDBUITestsLaunchTests.swift */,
			);
			path = MovieDBUITests;
			sourceTree = "<group>";
		};
		229237812BD4481A004FFF57 /* Networking */ = {
			isa = PBXGroup;
			children = (
				2292378D2BD458E8004FFF57 /* MovieAPIService.swift */,
				2292378F2BD4591B004FFF57 /* APIEndpoint.swift */,
				229237912BD45943004FFF57 /* APIError.swift */,
			);
			path = Networking;
			sourceTree = "<group>";
		};
		229237832BD44858004FFF57 /* Scenes */ = {
			isa = PBXGroup;
			children = (
				229237842BD448A8004FFF57 /* MoviesListScreen */,
				229237852BD448E7004FFF57 /* MovieDetailsScreen */,
			);
			path = Scenes;
			sourceTree = "<group>";
		};
		229237842BD448A8004FFF57 /* MoviesListScreen */ = {
			isa = PBXGroup;
			children = (
				2292378B2BD44AB7004FFF57 /* MoviesListViewModel */,
				2292378A2BD44AA6004FFF57 /* MoviesListModel */,
				229237882BD44A76004FFF57 /* MoviesListiew */,
			);
			path = MoviesListScreen;
			sourceTree = "<group>";
		};
		229237852BD448E7004FFF57 /* MovieDetailsScreen */ = {
			isa = PBXGroup;
			children = (
				2292378C2BD44B29004FFF57 /* MovieDetailsViewModel */,
				229237892BD44A97004FFF57 /* MovieDetailsModel */,
				229237872BD44A67004FFF57 /* MovieDetailsView */,
			);
			path = MovieDetailsScreen;
			sourceTree = "<group>";
		};
		229237862BD44A57004FFF57 /* Entities */ = {
			isa = PBXGroup;
			children = (
				229237932BD469C3004FFF57 /* Movie.swift */,
			);
			path = Entities;
			sourceTree = "<group>";
		};
		229237872BD44A67004FFF57 /* MovieDetailsView */ = {
			isa = PBXGroup;
			children = (
				229237AA2BD5A18D004FFF57 /* MovieDetailsView.swift */,
			);
			path = MovieDetailsView;
			sourceTree = "<group>";
		};
		229237882BD44A76004FFF57 /* MoviesListiew */ = {
			isa = PBXGroup;
			children = (
				2292379E2BD470D6004FFF57 /* MoviesListView.swift */,
			);
			path = MoviesListiew;
			sourceTree = "<group>";
		};
		229237892BD44A97004FFF57 /* MovieDetailsModel */ = {
			isa = PBXGroup;
			children = (
				229237AE2BD5A205004FFF57 /* MovieDetailsRepository.swift */,
			);
			path = MovieDetailsModel;
			sourceTree = "<group>";
		};
		2292378A2BD44AA6004FFF57 /* MoviesListModel */ = {
			isa = PBXGroup;
			children = (
				229237982BD46D2F004FFF57 /* MoviesListRepository.swift */,
			);
			path = MoviesListModel;
			sourceTree = "<group>";
		};
		2292378B2BD44AB7004FFF57 /* MoviesListViewModel */ = {
			isa = PBXGroup;
			children = (
				2292379A2BD46DC0004FFF57 /* MoviesListViewModel.swift */,
			);
			path = MoviesListViewModel;
			sourceTree = "<group>";
		};
		2292378C2BD44B29004FFF57 /* MovieDetailsViewModel */ = {
			isa = PBXGroup;
			children = (
				229237AC2BD5A1C7004FFF57 /* MovieDetailsViewModel.swift */,
			);
			path = MovieDetailsViewModel;
			sourceTree = "<group>";
		};
/* End PBXGroup section */

/* Begin PBXNativeTarget section */
		229236FD2BD3CA3F004FFF57 /* MovieDB */ = {
			isa = PBXNativeTarget;
			buildConfigurationList = 229237222BD3CA41004FFF57 /* Build configuration list for PBXNativeTarget "MovieDB" */;
			buildPhases = (
				229236FA2BD3CA3F004FFF57 /* Sources */,
				229236FB2BD3CA3F004FFF57 /* Frameworks */,
				229236FC2BD3CA3F004FFF57 /* Resources */,
			);
			buildRules = (
			);
			dependencies = (
			);
			name = MovieDB;
			packageProductDependencies = (
				229237962BD46A01004FFF57 /* SDWebImageSwiftUI */,
			);
			productName = MovieDB;
			productReference = 229236FE2BD3CA3F004FFF57 /* MovieDB.app */;
			productType = "com.apple.product-type.application";
		};
		2292370D2BD3CA41004FFF57 /* MovieDBTests */ = {
			isa = PBXNativeTarget;
			buildConfigurationList = 229237252BD3CA41004FFF57 /* Build configuration list for PBXNativeTarget "MovieDBTests" */;
			buildPhases = (
				2292370A2BD3CA41004FFF57 /* Sources */,
				2292370B2BD3CA41004FFF57 /* Frameworks */,
				2292370C2BD3CA41004FFF57 /* Resources */,
			);
			buildRules = (
			);
			dependencies = (
				229237102BD3CA41004FFF57 /* PBXTargetDependency */,
			);
			name = MovieDBTests;
			productName = MovieDBTests;
			productReference = 2292370E2BD3CA41004FFF57 /* MovieDBTests.xctest */;
			productType = "com.apple.product-type.bundle.unit-test";
		};
		229237172BD3CA41004FFF57 /* MovieDBUITests */ = {
			isa = PBXNativeTarget;
			buildConfigurationList = 229237282BD3CA41004FFF57 /* Build configuration list for PBXNativeTarget "MovieDBUITests" */;
			buildPhases = (
				229237142BD3CA41004FFF57 /* Sources */,
				229237152BD3CA41004FFF57 /* Frameworks */,
				229237162BD3CA41004FFF57 /* Resources */,
			);
			buildRules = (
			);
			dependencies = (
				2292371A2BD3CA41004FFF57 /* PBXTargetDependency */,
			);
			name = MovieDBUITests;
			productName = MovieDBUITests;
			productReference = 229237182BD3CA41004FFF57 /* MovieDBUITests.xctest */;
			productType = "com.apple.product-type.bundle.ui-testing";
		};
/* End PBXNativeTarget section */

/* Begin PBXProject section */
		229236F62BD3CA3F004FFF57 /* Project object */ = {
			isa = PBXProject;
			attributes = {
				BuildIndependentTargetsInParallel = 1;
				LastSwiftUpdateCheck = 1510;
				LastUpgradeCheck = 1510;
				TargetAttributes = {
					229236FD2BD3CA3F004FFF57 = {
						CreatedOnToolsVersion = 15.1;
					};
					2292370D2BD3CA41004FFF57 = {
						CreatedOnToolsVersion = 15.1;
						TestTargetID = 229236FD2BD3CA3F004FFF57;
					};
					229237172BD3CA41004FFF57 = {
						CreatedOnToolsVersion = 15.1;
						TestTargetID = 229236FD2BD3CA3F004FFF57;
					};
				};
			};
			buildConfigurationList = 229236F92BD3CA3F004FFF57 /* Build configuration list for PBXProject "MovieDB" */;
			compatibilityVersion = "Xcode 14.0";
			developmentRegion = en;
			hasScannedForEncodings = 0;
			knownRegions = (
				en,
				Base,
			);
			mainGroup = 229236F52BD3CA3F004FFF57;
			packageReferences = (
				229237952BD46A01004FFF57 /* XCRemoteSwiftPackageReference "SDWebImageSwiftUI" */,
			);
			productRefGroup = 229236FF2BD3CA3F004FFF57 /* Products */;
			projectDirPath = "";
			projectRoot = "";
			targets = (
				229236FD2BD3CA3F004FFF57 /* MovieDB */,
				2292370D2BD3CA41004FFF57 /* MovieDBTests */,
				229237172BD3CA41004FFF57 /* MovieDBUITests */,
			);
		};
/* End PBXProject section */

/* Begin PBXResourcesBuildPhase section */
		229236FC2BD3CA3F004FFF57 /* Resources */ = {
			isa = PBXResourcesBuildPhase;
			buildActionMask = 2147483647;
			files = (
				229237092BD3CA40004FFF57 /* Preview Assets.xcassets in Resources */,
				229237062BD3CA40004FFF57 /* Assets.xcassets in Resources */,
			);
			runOnlyForDeploymentPostprocessing = 0;
		};
		2292370C2BD3CA41004FFF57 /* Resources */ = {
			isa = PBXResourcesBuildPhase;
			buildActionMask = 2147483647;
			files = (
			);
			runOnlyForDeploymentPostprocessing = 0;
		};
		229237162BD3CA41004FFF57 /* Resources */ = {
			isa = PBXResourcesBuildPhase;
			buildActionMask = 2147483647;
			files = (
			);
			runOnlyForDeploymentPostprocessing = 0;
		};
/* End PBXResourcesBuildPhase section */

/* Begin PBXSourcesBuildPhase section */
		229236FA2BD3CA3F004FFF57 /* Sources */ = {
			isa = PBXSourcesBuildPhase;
			buildActionMask = 2147483647;
			files = (
				2292379F2BD470D6004FFF57 /* MoviesListView.swift in Sources */,
				229237042BD3CA3F004FFF57 /* ContentView.swift in Sources */,
				2292378E2BD458E8004FFF57 /* MovieAPIService.swift in Sources */,
				229237992BD46D2F004FFF57 /* MoviesListRepository.swift in Sources */,
				229237AB2BD5A18D004FFF57 /* MovieDetailsView.swift in Sources */,
				229237AD2BD5A1C7004FFF57 /* MovieDetailsViewModel.swift in Sources */,
				229237942BD469C3004FFF57 /* Movie.swift in Sources */,
				229237022BD3CA3F004FFF57 /* MovieDBApp.swift in Sources */,
				229237922BD45943004FFF57 /* APIError.swift in Sources */,
				229237AF2BD5A205004FFF57 /* MovieDetailsRepository.swift in Sources */,
				229237902BD4591B004FFF57 /* APIEndpoint.swift in Sources */,
				2292379B2BD46DC0004FFF57 /* MoviesListViewModel.swift in Sources */,
			);
			runOnlyForDeploymentPostprocessing = 0;
		};
		2292370A2BD3CA41004FFF57 /* Sources */ = {
			isa = PBXSourcesBuildPhase;
			buildActionMask = 2147483647;
			files = (
				229237132BD3CA41004FFF57 /* MovieDBTests.swift in Sources */,
			);
			runOnlyForDeploymentPostprocessing = 0;
		};
		229237142BD3CA41004FFF57 /* Sources */ = {
			isa = PBXSourcesBuildPhase;
			buildActionMask = 2147483647;
			files = (
				2292371D2BD3CA41004FFF57 /* MovieDBUITests.swift in Sources */,
				2292371F2BD3CA41004FFF57 /* MovieDBUITestsLaunchTests.swift in Sources */,
			);
			runOnlyForDeploymentPostprocessing = 0;
		};
/* End PBXSourcesBuildPhase section */

/* Begin PBXTargetDependency section */
		229237102BD3CA41004FFF57 /* PBXTargetDependency */ = {
			isa = PBXTargetDependency;
			target = 229236FD2BD3CA3F004FFF57 /* MovieDB */;
			targetProxy = 2292370F2BD3CA41004FFF57 /* PBXContainerItemProxy */;
		};
		2292371A2BD3CA41004FFF57 /* PBXTargetDependency */ = {
			isa = PBXTargetDependency;
			target = 229236FD2BD3CA3F004FFF57 /* MovieDB */;
			targetProxy = 229237192BD3CA41004FFF57 /* PBXContainerItemProxy */;
		};
/* End PBXTargetDependency section */

/* Begin XCBuildConfiguration section */
		229237202BD3CA41004FFF57 /* Debug */ = {
			isa = XCBuildConfiguration;
			buildSettings = {
				ALWAYS_SEARCH_USER_PATHS = NO;
				ASSETCATALOG_COMPILER_GENERATE_SWIFT_ASSET_SYMBOL_EXTENSIONS = YES;
				CLANG_ANALYZER_NONNULL = YES;
				CLANG_ANALYZER_NUMBER_OBJECT_CONVERSION = YES_AGGRESSIVE;
				CLANG_CXX_LANGUAGE_STANDARD = "gnu++20";
				CLANG_ENABLE_MODULES = YES;
				CLANG_ENABLE_OBJC_ARC = YES;
				CLANG_ENABLE_OBJC_WEAK = YES;
				CLANG_WARN_BLOCK_CAPTURE_AUTORELEASING = YES;
				CLANG_WARN_BOOL_CONVERSION = YES;
				CLANG_WARN_COMMA = YES;
				CLANG_WARN_CONSTANT_CONVERSION = YES;
				CLANG_WARN_DEPRECATED_OBJC_IMPLEMENTATIONS = YES;
				CLANG_WARN_DIRECT_OBJC_ISA_USAGE = YES_ERROR;
				CLANG_WARN_DOCUMENTATION_COMMENTS = YES;
				CLANG_WARN_EMPTY_BODY = YES;
				CLANG_WARN_ENUM_CONVERSION = YES;
				CLANG_WARN_INFINITE_RECURSION = YES;
				CLANG_WARN_INT_CONVERSION = YES;
				CLANG_WARN_NON_LITERAL_NULL_CONVERSION = YES;
				CLANG_WARN_OBJC_IMPLICIT_RETAIN_SELF = YES;
				CLANG_WARN_OBJC_LITERAL_CONVERSION = YES;
				CLANG_WARN_OBJC_ROOT_CLASS = YES_ERROR;
				CLANG_WARN_QUOTED_INCLUDE_IN_FRAMEWORK_HEADER = YES;
				CLANG_WARN_RANGE_LOOP_ANALYSIS = YES;
				CLANG_WARN_STRICT_PROTOTYPES = YES;
				CLANG_WARN_SUSPICIOUS_MOVE = YES;
				CLANG_WARN_UNGUARDED_AVAILABILITY = YES_AGGRESSIVE;
				CLANG_WARN_UNREACHABLE_CODE = YES;
				CLANG_WARN__DUPLICATE_METHOD_MATCH = YES;
				COPY_PHASE_STRIP = NO;
				DEBUG_INFORMATION_FORMAT = dwarf;
				ENABLE_STRICT_OBJC_MSGSEND = YES;
				ENABLE_TESTABILITY = YES;
				ENABLE_USER_SCRIPT_SANDBOXING = YES;
				GCC_C_LANGUAGE_STANDARD = gnu17;
				GCC_DYNAMIC_NO_PIC = NO;
				GCC_NO_COMMON_BLOCKS = YES;
				GCC_OPTIMIZATION_LEVEL = 0;
				GCC_PREPROCESSOR_DEFINITIONS = (
					"DEBUG=1",
					"$(inherited)",
				);
				GCC_WARN_64_TO_32_BIT_CONVERSION = YES;
				GCC_WARN_ABOUT_RETURN_TYPE = YES_ERROR;
				GCC_WARN_UNDECLARED_SELECTOR = YES;
				GCC_WARN_UNINITIALIZED_AUTOS = YES_AGGRESSIVE;
				GCC_WARN_UNUSED_FUNCTION = YES;
				GCC_WARN_UNUSED_VARIABLE = YES;
				IPHONEOS_DEPLOYMENT_TARGET = 17.2;
				LOCALIZATION_PREFERS_STRING_CATALOGS = YES;
				MTL_ENABLE_DEBUG_INFO = INCLUDE_SOURCE;
				MTL_FAST_MATH = YES;
				ONLY_ACTIVE_ARCH = YES;
				SDKROOT = iphoneos;
				SWIFT_ACTIVE_COMPILATION_CONDITIONS = "DEBUG $(inherited)";
				SWIFT_OPTIMIZATION_LEVEL = "-Onone";
			};
			name = Debug;
		};
		229237212BD3CA41004FFF57 /* Release */ = {
			isa = XCBuildConfiguration;
			buildSettings = {
				ALWAYS_SEARCH_USER_PATHS = NO;
				ASSETCATALOG_COMPILER_GENERATE_SWIFT_ASSET_SYMBOL_EXTENSIONS = YES;
				CLANG_ANALYZER_NONNULL = YES;
				CLANG_ANALYZER_NUMBER_OBJECT_CONVERSION = YES_AGGRESSIVE;
				CLANG_CXX_LANGUAGE_STANDARD = "gnu++20";
				CLANG_ENABLE_MODULES = YES;
				CLANG_ENABLE_OBJC_ARC = YES;
				CLANG_ENABLE_OBJC_WEAK = YES;
				CLANG_WARN_BLOCK_CAPTURE_AUTORELEASING = YES;
				CLANG_WARN_BOOL_CONVERSION = YES;
				CLANG_WARN_COMMA = YES;
				CLANG_WARN_CONSTANT_CONVERSION = YES;
				CLANG_WARN_DEPRECATED_OBJC_IMPLEMENTATIONS = YES;
				CLANG_WARN_DIRECT_OBJC_ISA_USAGE = YES_ERROR;
				CLANG_WARN_DOCUMENTATION_COMMENTS = YES;
				CLANG_WARN_EMPTY_BODY = YES;
				CLANG_WARN_ENUM_CONVERSION = YES;
				CLANG_WARN_INFINITE_RECURSION = YES;
				CLANG_WARN_INT_CONVERSION = YES;
				CLANG_WARN_NON_LITERAL_NULL_CONVERSION = YES;
				CLANG_WARN_OBJC_IMPLICIT_RETAIN_SELF = YES;
				CLANG_WARN_OBJC_LITERAL_CONVERSION = YES;
				CLANG_WARN_OBJC_ROOT_CLASS = YES_ERROR;
				CLANG_WARN_QUOTED_INCLUDE_IN_FRAMEWORK_HEADER = YES;
				CLANG_WARN_RANGE_LOOP_ANALYSIS = YES;
				CLANG_WARN_STRICT_PROTOTYPES = YES;
				CLANG_WARN_SUSPICIOUS_MOVE = YES;
				CLANG_WARN_UNGUARDED_AVAILABILITY = YES_AGGRESSIVE;
				CLANG_WARN_UNREACHABLE_CODE = YES;
				CLANG_WARN__DUPLICATE_METHOD_MATCH = YES;
				COPY_PHASE_STRIP = NO;
				DEBUG_INFORMATION_FORMAT = "dwarf-with-dsym";
				ENABLE_NS_ASSERTIONS = NO;
				ENABLE_STRICT_OBJC_MSGSEND = YES;
				ENABLE_USER_SCRIPT_SANDBOXING = YES;
				GCC_C_LANGUAGE_STANDARD = gnu17;
				GCC_NO_COMMON_BLOCKS = YES;
				GCC_WARN_64_TO_32_BIT_CONVERSION = YES;
				GCC_WARN_ABOUT_RETURN_TYPE = YES_ERROR;
				GCC_WARN_UNDECLARED_SELECTOR = YES;
				GCC_WARN_UNINITIALIZED_AUTOS = YES_AGGRESSIVE;
				GCC_WARN_UNUSED_FUNCTION = YES;
				GCC_WARN_UNUSED_VARIABLE = YES;
				IPHONEOS_DEPLOYMENT_TARGET = 17.2;
				LOCALIZATION_PREFERS_STRING_CATALOGS = YES;
				MTL_ENABLE_DEBUG_INFO = NO;
				MTL_FAST_MATH = YES;
				SDKROOT = iphoneos;
				SWIFT_COMPILATION_MODE = wholemodule;
				VALIDATE_PRODUCT = YES;
			};
			name = Release;
		};
		229237232BD3CA41004FFF57 /* Debug */ = {
			isa = XCBuildConfiguration;
			buildSettings = {
				ASSETCATALOG_COMPILER_APPICON_NAME = AppIcon;
				ASSETCATALOG_COMPILER_GLOBAL_ACCENT_COLOR_NAME = AccentColor;
				CODE_SIGN_STYLE = Automatic;
				CURRENT_PROJECT_VERSION = 1;
				DEVELOPMENT_ASSET_PATHS = "\"MovieDB/Preview Content\"";
				DEVELOPMENT_TEAM = Y37W93KL4R;
				ENABLE_PREVIEWS = YES;
				GENERATE_INFOPLIST_FILE = YES;
				INFOPLIST_KEY_UIApplicationSceneManifest_Generation = YES;
				INFOPLIST_KEY_UIApplicationSupportsIndirectInputEvents = YES;
				INFOPLIST_KEY_UILaunchScreen_Generation = YES;
				INFOPLIST_KEY_UISupportedInterfaceOrientations_iPad = "UIInterfaceOrientationPortrait UIInterfaceOrientationPortraitUpsideDown UIInterfaceOrientationLandscapeLeft UIInterfaceOrientationLandscapeRight";
				INFOPLIST_KEY_UISupportedInterfaceOrientations_iPhone = "UIInterfaceOrientationPortrait UIInterfaceOrientationLandscapeLeft UIInterfaceOrientationLandscapeRight";
				IPHONEOS_DEPLOYMENT_TARGET = 17.2;
				LD_RUNPATH_SEARCH_PATHS = (
					"$(inherited)",
					"@executable_path/Frameworks",
				);
				MARKETING_VERSION = 1.0;
				PRODUCT_BUNDLE_IDENTIFIER = com.yassir.MovieDB;
				PRODUCT_NAME = "$(TARGET_NAME)";
				SWIFT_EMIT_LOC_STRINGS = YES;
				SWIFT_VERSION = 5.0;
				TARGETED_DEVICE_FAMILY = "1,2";
			};
			name = Debug;
		};
		229237242BD3CA41004FFF57 /* Release */ = {
			isa = XCBuildConfiguration;
			buildSettings = {
				ASSETCATALOG_COMPILER_APPICON_NAME = AppIcon;
				ASSETCATALOG_COMPILER_GLOBAL_ACCENT_COLOR_NAME = AccentColor;
				CODE_SIGN_STYLE = Automatic;
				CURRENT_PROJECT_VERSION = 1;
				DEVELOPMENT_ASSET_PATHS = "\"MovieDB/Preview Content\"";
				DEVELOPMENT_TEAM = Y37W93KL4R;
				ENABLE_PREVIEWS = YES;
				GENERATE_INFOPLIST_FILE = YES;
				INFOPLIST_KEY_UIApplicationSceneManifest_Generation = YES;
				INFOPLIST_KEY_UIApplicationSupportsIndirectInputEvents = YES;
				INFOPLIST_KEY_UILaunchScreen_Generation = YES;
				INFOPLIST_KEY_UISupportedInterfaceOrientations_iPad = "UIInterfaceOrientationPortrait UIInterfaceOrientationPortraitUpsideDown UIInterfaceOrientationLandscapeLeft UIInterfaceOrientationLandscapeRight";
				INFOPLIST_KEY_UISupportedInterfaceOrientations_iPhone = "UIInterfaceOrientationPortrait UIInterfaceOrientationLandscapeLeft UIInterfaceOrientationLandscapeRight";
				IPHONEOS_DEPLOYMENT_TARGET = 17.2;
				LD_RUNPATH_SEARCH_PATHS = (
					"$(inherited)",
					"@executable_path/Frameworks",
				);
				MARKETING_VERSION = 1.0;
				PRODUCT_BUNDLE_IDENTIFIER = com.yassir.MovieDB;
				PRODUCT_NAME = "$(TARGET_NAME)";
				SWIFT_EMIT_LOC_STRINGS = YES;
				SWIFT_VERSION = 5.0;
				TARGETED_DEVICE_FAMILY = "1,2";
			};
			name = Release;
		};
		229237262BD3CA41004FFF57 /* Debug */ = {
			isa = XCBuildConfiguration;
			buildSettings = {
				ALWAYS_EMBED_SWIFT_STANDARD_LIBRARIES = YES;
				BUNDLE_LOADER = "$(TEST_HOST)";
				CODE_SIGN_STYLE = Automatic;
				CURRENT_PROJECT_VERSION = 1;
				DEVELOPMENT_TEAM = Y37W93KL4R;
				GENERATE_INFOPLIST_FILE = YES;
				IPHONEOS_DEPLOYMENT_TARGET = 17.2;
				MARKETING_VERSION = 1.0;
				PRODUCT_BUNDLE_IDENTIFIER = com.yassir.MovieDBTests;
				PRODUCT_NAME = "$(TARGET_NAME)";
				SWIFT_EMIT_LOC_STRINGS = NO;
				SWIFT_VERSION = 5.0;
				TARGETED_DEVICE_FAMILY = "1,2";
				TEST_HOST = "$(BUILT_PRODUCTS_DIR)/MovieDB.app/$(BUNDLE_EXECUTABLE_FOLDER_PATH)/MovieDB";
			};
			name = Debug;
		};
		229237272BD3CA41004FFF57 /* Release */ = {
			isa = XCBuildConfiguration;
			buildSettings = {
				ALWAYS_EMBED_SWIFT_STANDARD_LIBRARIES = YES;
				BUNDLE_LOADER = "$(TEST_HOST)";
				CODE_SIGN_STYLE = Automatic;
				CURRENT_PROJECT_VERSION = 1;
				DEVELOPMENT_TEAM = Y37W93KL4R;
				GENERATE_INFOPLIST_FILE = YES;
				IPHONEOS_DEPLOYMENT_TARGET = 17.2;
				MARKETING_VERSION = 1.0;
				PRODUCT_BUNDLE_IDENTIFIER = com.yassir.MovieDBTests;
				PRODUCT_NAME = "$(TARGET_NAME)";
				SWIFT_EMIT_LOC_STRINGS = NO;
				SWIFT_VERSION = 5.0;
				TARGETED_DEVICE_FAMILY = "1,2";
				TEST_HOST = "$(BUILT_PRODUCTS_DIR)/MovieDB.app/$(BUNDLE_EXECUTABLE_FOLDER_PATH)/MovieDB";
			};
			name = Release;
		};
		229237292BD3CA41004FFF57 /* Debug */ = {
			isa = XCBuildConfiguration;
			buildSettings = {
				ALWAYS_EMBED_SWIFT_STANDARD_LIBRARIES = YES;
				CODE_SIGN_STYLE = Automatic;
				CURRENT_PROJECT_VERSION = 1;
				DEVELOPMENT_TEAM = Y37W93KL4R;
				GENERATE_INFOPLIST_FILE = YES;
				MARKETING_VERSION = 1.0;
				PRODUCT_BUNDLE_IDENTIFIER = com.yassir.MovieDBUITests;
				PRODUCT_NAME = "$(TARGET_NAME)";
				SWIFT_EMIT_LOC_STRINGS = NO;
				SWIFT_VERSION = 5.0;
				TARGETED_DEVICE_FAMILY = "1,2";
				TEST_TARGET_NAME = MovieDB;
			};
			name = Debug;
		};
		2292372A2BD3CA41004FFF57 /* Release */ = {
			isa = XCBuildConfiguration;
			buildSettings = {
				ALWAYS_EMBED_SWIFT_STANDARD_LIBRARIES = YES;
				CODE_SIGN_STYLE = Automatic;
				CURRENT_PROJECT_VERSION = 1;
				DEVELOPMENT_TEAM = Y37W93KL4R;
				GENERATE_INFOPLIST_FILE = YES;
				MARKETING_VERSION = 1.0;
				PRODUCT_BUNDLE_IDENTIFIER = com.yassir.MovieDBUITests;
				PRODUCT_NAME = "$(TARGET_NAME)";
				SWIFT_EMIT_LOC_STRINGS = NO;
				SWIFT_VERSION = 5.0;
				TARGETED_DEVICE_FAMILY = "1,2";
				TEST_TARGET_NAME = MovieDB;
			};
			name = Release;
		};
/* End XCBuildConfiguration section */

/* Begin XCConfigurationList section */
		229236F92BD3CA3F004FFF57 /* Build configuration list for PBXProject "MovieDB" */ = {
			isa = XCConfigurationList;
			buildConfigurations = (
				229237202BD3CA41004FFF57 /* Debug */,
				229237212BD3CA41004FFF57 /* Release */,
			);
			defaultConfigurationIsVisible = 0;
			defaultConfigurationName = Release;
		};
		229237222BD3CA41004FFF57 /* Build configuration list for PBXNativeTarget "MovieDB" */ = {
			isa = XCConfigurationList;
			buildConfigurations = (
				229237232BD3CA41004FFF57 /* Debug */,
				229237242BD3CA41004FFF57 /* Release */,
			);
			defaultConfigurationIsVisible = 0;
			defaultConfigurationName = Release;
		};
		229237252BD3CA41004FFF57 /* Build configuration list for PBXNativeTarget "MovieDBTests" */ = {
			isa = XCConfigurationList;
			buildConfigurations = (
				229237262BD3CA41004FFF57 /* Debug */,
				229237272BD3CA41004FFF57 /* Release */,
			);
			defaultConfigurationIsVisible = 0;
			defaultConfigurationName = Release;
		};
		229237282BD3CA41004FFF57 /* Build configuration list for PBXNativeTarget "MovieDBUITests" */ = {
			isa = XCConfigurationList;
			buildConfigurations = (
				229237292BD3CA41004FFF57 /* Debug */,
				2292372A2BD3CA41004FFF57 /* Release */,
			);
			defaultConfigurationIsVisible = 0;
			defaultConfigurationName = Release;
		};
/* End XCConfigurationList section */

/* Begin XCRemoteSwiftPackageReference section */
		229237952BD46A01004FFF57 /* XCRemoteSwiftPackageReference "SDWebImageSwiftUI" */ = {
			isa = XCRemoteSwiftPackageReference;
			repositoryURL = "https://github.com/SDWebImage/SDWebImageSwiftUI";
			requirement = {
				kind = upToNextMajorVersion;
				minimumVersion = 3.0.2;
			};
		};
/* End XCRemoteSwiftPackageReference section */

/* Begin XCSwiftPackageProductDependency section */
		229237962BD46A01004FFF57 /* SDWebImageSwiftUI */ = {
			isa = XCSwiftPackageProductDependency;
			package = 229237952BD46A01004FFF57 /* XCRemoteSwiftPackageReference "SDWebImageSwiftUI" */;
			productName = SDWebImageSwiftUI;
		};
/* End XCSwiftPackageProductDependency section */
	};
	rootObject = 229236F62BD3CA3F004FFF57 /* Project object */;
}
